// !$*UTF8*$!
{
	archiveVersion = 1;
	classes = {
	};
	objectVersion = 55;
	objects = {

/* Begin PBXBuildFile section */
		EEE4072528ABB3350085EB75 /* AppDelegate.swift in Sources */ = {isa = PBXBuildFile; fileRef = EEE4072428ABB3350085EB75 /* AppDelegate.swift */; };
		EEE4072728ABB3350085EB75 /* SceneDelegate.swift in Sources */ = {isa = PBXBuildFile; fileRef = EEE4072628ABB3350085EB75 /* SceneDelegate.swift */; };
		EEE4072C28ABB3350085EB75 /* Main.storyboard in Resources */ = {isa = PBXBuildFile; fileRef = EEE4072A28ABB3350085EB75 /* Main.storyboard */; };
		EEE4072E28ABB3370085EB75 /* Assets.xcassets in Resources */ = {isa = PBXBuildFile; fileRef = EEE4072D28ABB3370085EB75 /* Assets.xcassets */; };
		EEE4073128ABB3370085EB75 /* LaunchScreen.storyboard in Resources */ = {isa = PBXBuildFile; fileRef = EEE4072F28ABB3370085EB75 /* LaunchScreen.storyboard */; };
		EEE4073928ABB5610085EB75 /* StoreCollectionViewController.swift in Sources */ = {isa = PBXBuildFile; fileRef = EEE4073828ABB5610085EB75 /* StoreCollectionViewController.swift */; };
		EEE4073B28ABB5950085EB75 /* StoreCollectionViewCell.swift in Sources */ = {isa = PBXBuildFile; fileRef = EEE4073A28ABB5950085EB75 /* StoreCollectionViewCell.swift */; };
		EEE4073D28ABB7930085EB75 /* Icon.swift in Sources */ = {isa = PBXBuildFile; fileRef = EEE4073C28ABB7930085EB75 /* Icon.swift */; };
		EEE4073F28ABC0570085EB75 /* StoreDetailViewController.swift in Sources */ = {isa = PBXBuildFile; fileRef = EEE4073E28ABC0570085EB75 /* StoreDetailViewController.swift */; };
		EEE4074128ABC3EB0085EB75 /* UIView+Snapshot.swift in Sources */ = {isa = PBXBuildFile; fileRef = EEE4074028ABC3EB0085EB75 /* UIView+Snapshot.swift */; };
		EEE4074928ABFE200085EB75 /* SlideDownTransition.swift in Sources */ = {isa = PBXBuildFile; fileRef = EEE4074828ABFE200085EB75 /* SlideDownTransition.swift */; };
		EEE4074B28AC0A270085EB75 /* SlideRightTransition.swift in Sources */ = {isa = PBXBuildFile; fileRef = EEE4074A28AC0A270085EB75 /* SlideRightTransition.swift */; };
		EEE4074D28AC0CCD0085EB75 /* PopTransition.swift in Sources */ = {isa = PBXBuildFile; fileRef = EEE4074C28AC0CCD0085EB75 /* PopTransition.swift */; };
/* End PBXBuildFile section */

/* Begin PBXFileReference section */
		EEE4072128ABB3350085EB75 /* CollectionViewDemo.app */ = {isa = PBXFileReference; explicitFileType = wrapper.application; includeInIndex = 0; path = CollectionViewDemo.app; sourceTree = BUILT_PRODUCTS_DIR; };
		EEE4072428ABB3350085EB75 /* AppDelegate.swift */ = {isa = PBXFileReference; lastKnownFileType = sourcecode.swift; path = AppDelegate.swift; sourceTree = "<group>"; };
		EEE4072628ABB3350085EB75 /* SceneDelegate.swift */ = {isa = PBXFileReference; lastKnownFileType = sourcecode.swift; path = SceneDelegate.swift; sourceTree = "<group>"; };
		EEE4072B28ABB3350085EB75 /* Base */ = {isa = PBXFileReference; lastKnownFileType = file.storyboard; name = Base; path = Base.lproj/Main.storyboard; sourceTree = "<group>"; };
		EEE4072D28ABB3370085EB75 /* Assets.xcassets */ = {isa = PBXFileReference; lastKnownFileType = folder.assetcatalog; path = Assets.xcassets; sourceTree = "<group>"; };
		EEE4073028ABB3370085EB75 /* Base */ = {isa = PBXFileReference; lastKnownFileType = file.storyboard; name = Base; path = Base.lproj/LaunchScreen.storyboard; sourceTree = "<group>"; };
		EEE4073228ABB3370085EB75 /* Info.plist */ = {isa = PBXFileReference; lastKnownFileType = text.plist.xml; path = Info.plist; sourceTree = "<group>"; };
		EEE4073828ABB5610085EB75 /* StoreCollectionViewController.swift */ = {isa = PBXFileReference; lastKnownFileType = sourcecode.swift; path = StoreCollectionViewController.swift; sourceTree = "<group>"; };
		EEE4073A28ABB5950085EB75 /* StoreCollectionViewCell.swift */ = {isa = PBXFileReference; lastKnownFileType = sourcecode.swift; path = StoreCollectionViewCell.swift; sourceTree = "<group>"; };
		EEE4073C28ABB7930085EB75 /* Icon.swift */ = {isa = PBXFileReference; lastKnownFileType = sourcecode.swift; path = Icon.swift; sourceTree = "<group>"; };
		EEE4073E28ABC0570085EB75 /* StoreDetailViewController.swift */ = {isa = PBXFileReference; lastKnownFileType = sourcecode.swift; path = StoreDetailViewController.swift; sourceTree = "<group>"; };
		EEE4074028ABC3EB0085EB75 /* UIView+Snapshot.swift */ = {isa = PBXFileReference; lastKnownFileType = sourcecode.swift; path = "UIView+Snapshot.swift"; sourceTree = "<group>"; };
		EEE4074828ABFE200085EB75 /* SlideDownTransition.swift */ = {isa = PBXFileReference; lastKnownFileType = sourcecode.swift; path = SlideDownTransition.swift; sourceTree = "<group>"; };
		EEE4074A28AC0A270085EB75 /* SlideRightTransition.swift */ = {isa = PBXFileReference; lastKnownFileType = sourcecode.swift; path = SlideRightTransition.swift; sourceTree = "<group>"; };
		EEE4074C28AC0CCD0085EB75 /* PopTransition.swift */ = {isa = PBXFileReference; lastKnownFileType = sourcecode.swift; path = PopTransition.swift; sourceTree = "<group>"; };
/* End PBXFileReference section */

/* Begin PBXFrameworksBuildPhase section */
		EEE4071E28ABB3350085EB75 /* Frameworks */ = {
			isa = PBXFrameworksBuildPhase;
			buildActionMask = 2147483647;
			files = (
			);
			runOnlyForDeploymentPostprocessing = 0;
		};
/* End PBXFrameworksBuildPhase section */

/* Begin PBXGroup section */
		EEE4071828ABB3350085EB75 = {
			isa = PBXGroup;
			children = (
				EEE4072328ABB3350085EB75 /* CollectionViewDemo */,
				EEE4072228ABB3350085EB75 /* Products */,
			);
			sourceTree = "<group>";
		};
		EEE4072228ABB3350085EB75 /* Products */ = {
			isa = PBXGroup;
			children = (
				EEE4072128ABB3350085EB75 /* CollectionViewDemo.app */,
			);
			name = Products;
			sourceTree = "<group>";
		};
		EEE4072328ABB3350085EB75 /* CollectionViewDemo */ = {
			isa = PBXGroup;
			children = (
				EEE4074528ABD07D0085EB75 /* Extension */,
				EEE4074428ABD02E0085EB75 /* Model */,
				EEE4074328ABD02C0085EB75 /* View */,
				EEE4074228ABD0230085EB75 /* Controller */,
				EEE4072428ABB3350085EB75 /* AppDelegate.swift */,
				EEE4072628ABB3350085EB75 /* SceneDelegate.swift */,
				EEE4072A28ABB3350085EB75 /* Main.storyboard */,
				EEE4072D28ABB3370085EB75 /* Assets.xcassets */,
				EEE4072F28ABB3370085EB75 /* LaunchScreen.storyboard */,
				EEE4073228ABB3370085EB75 /* Info.plist */,
			);
			path = CollectionViewDemo;
			sourceTree = "<group>";
		};
		EEE4074228ABD0230085EB75 /* Controller */ = {
			isa = PBXGroup;
			children = (
				EEE4073828ABB5610085EB75 /* StoreCollectionViewController.swift */,
				EEE4073E28ABC0570085EB75 /* StoreDetailViewController.swift */,
			);
			path = Controller;
			sourceTree = "<group>";
		};
		EEE4074328ABD02C0085EB75 /* View */ = {
			isa = PBXGroup;
			children = (
				EEE4073A28ABB5950085EB75 /* StoreCollectionViewCell.swift */,
				EEE4074828ABFE200085EB75 /* SlideDownTransition.swift */,
				EEE4074A28AC0A270085EB75 /* SlideRightTransition.swift */,
				EEE4074C28AC0CCD0085EB75 /* PopTransition.swift */,
			);
			path = View;
			sourceTree = "<group>";
		};
		EEE4074428ABD02E0085EB75 /* Model */ = {
			isa = PBXGroup;
			children = (
				EEE4073C28ABB7930085EB75 /* Icon.swift */,
			);
			path = Model;
			sourceTree = "<group>";
		};
		EEE4074528ABD07D0085EB75 /* Extension */ = {
			isa = PBXGroup;
			children = (
				EEE4074028ABC3EB0085EB75 /* UIView+Snapshot.swift */,
			);
			path = Extension;
			sourceTree = "<group>";
		};
/* End PBXGroup section */

/* Begin PBXNativeTarget section */
		EEE4072028ABB3350085EB75 /* CollectionViewDemo */ = {
			isa = PBXNativeTarget;
			buildConfigurationList = EEE4073528ABB3370085EB75 /* Build configuration list for PBXNativeTarget "CollectionViewDemo" */;
			buildPhases = (
				EEE4071D28ABB3350085EB75 /* Sources */,
				EEE4071E28ABB3350085EB75 /* Frameworks */,
				EEE4071F28ABB3350085EB75 /* Resources */,
			);
			buildRules = (
			);
			dependencies = (
			);
			name = CollectionViewDemo;
			productName = CollectionViewDemo;
			productReference = EEE4072128ABB3350085EB75 /* CollectionViewDemo.app */;
			productType = "com.apple.product-type.application";
		};
/* End PBXNativeTarget section */

/* Begin PBXProject section */
		EEE4071928ABB3350085EB75 /* Project object */ = {
			isa = PBXProject;
			attributes = {
				BuildIndependentTargetsInParallel = 1;
				LastSwiftUpdateCheck = 1340;
				LastUpgradeCheck = 1340;
				TargetAttributes = {
					EEE4072028ABB3350085EB75 = {
						CreatedOnToolsVersion = 13.4;
					};
				};
			};
			buildConfigurationList = EEE4071C28ABB3350085EB75 /* Build configuration list for PBXProject "CollectionViewDemo" */;
			compatibilityVersion = "Xcode 13.0";
			developmentRegion = en;
			hasScannedForEncodings = 0;
			knownRegions = (
				en,
				Base,
			);
			mainGroup = EEE4071828ABB3350085EB75;
			productRefGroup = EEE4072228ABB3350085EB75 /* Products */;
			projectDirPath = "";
			projectRoot = "";
			targets = (
				EEE4072028ABB3350085EB75 /* CollectionViewDemo */,
			);
		};
/* End PBXProject section */

/* Begin PBXResourcesBuildPhase section */
		EEE4071F28ABB3350085EB75 /* Resources */ = {
			isa = PBXResourcesBuildPhase;
			buildActionMask = 2147483647;
			files = (
				EEE4073128ABB3370085EB75 /* LaunchScreen.storyboard in Resources */,
				EEE4072E28ABB3370085EB75 /* Assets.xcassets in Resources */,
				EEE4072C28ABB3350085EB75 /* Main.storyboard in Resources */,
			);
			runOnlyForDeploymentPostprocessing = 0;
		};
/* End PBXResourcesBuildPhase section */

/* Begin PBXSourcesBuildPhase section */
		EEE4071D28ABB3350085EB75 /* Sources */ = {
			isa = PBXSourcesBuildPhase;
			buildActionMask = 2147483647;
			files = (
				EEE4074928ABFE200085EB75 /* SlideDownTransition.swift in Sources */,
				EEE4073B28ABB5950085EB75 /* StoreCollectionViewCell.swift in Sources */,
				EEE4072528ABB3350085EB75 /* AppDelegate.swift in Sources */,
				EEE4073928ABB5610085EB75 /* StoreCollectionViewController.swift in Sources */,
				EEE4074D28AC0CCD0085EB75 /* PopTransition.swift in Sources */,
				EEE4073F28ABC0570085EB75 /* StoreDetailViewController.swift in Sources */,
				EEE4073D28ABB7930085EB75 /* Icon.swift in Sources */,
				EEE4072728ABB3350085EB75 /* SceneDelegate.swift in Sources */,
				EEE4074128ABC3EB0085EB75 /* UIView+Snapshot.swift in Sources */,
				EEE4074B28AC0A270085EB75 /* SlideRightTransition.swift in Sources */,
			);
			runOnlyForDeploymentPostprocessing = 0;
		};
/* End PBXSourcesBuildPhase section */

/* Begin PBXVariantGroup section */
		EEE4072A28ABB3350085EB75 /* Main.storyboard */ = {
			isa = PBXVariantGroup;
			children = (
				EEE4072B28ABB3350085EB75 /* Base */,
			);
			name = Main.storyboard;
			sourceTree = "<group>";
		};
		EEE4072F28ABB3370085EB75 /* LaunchScreen.storyboard */ = {
			isa = PBXVariantGroup;
			children = (
				EEE4073028ABB3370085EB75 /* Base */,
			);
			name = LaunchScreen.storyboard;
			sourceTree = "<group>";
		};
/* End PBXVariantGroup section */

/* Begin XCBuildConfiguration section */
		EEE4073328ABB3370085EB75 /* Debug */ = {
			isa = XCBuildConfiguration;
			buildSettings = {
				ALWAYS_SEARCH_USER_PATHS = NO;
				CLANG_ANALYZER_NONNULL = YES;
				CLANG_ANALYZER_NUMBER_OBJECT_CONVERSION = YES_AGGRESSIVE;
				CLANG_CXX_LANGUAGE_STANDARD = "gnu++17";
				CLANG_ENABLE_MODULES = YES;
				CLANG_ENABLE_OBJC_ARC = YES;
				CLANG_ENABLE_OBJC_WEAK = YES;
				CLANG_WARN_BLOCK_CAPTURE_AUTORELEASING = YES;
				CLANG_WARN_BOOL_CONVERSION = YES;
				CLANG_WARN_COMMA = YES;
				CLANG_WARN_CONSTANT_CONVERSION = YES;
				CLANG_WARN_DEPRECATED_OBJC_IMPLEMENTATIONS = YES;
				CLANG_WARN_DIRECT_OBJC_ISA_USAGE = YES_ERROR;
				CLANG_WARN_DOCUMENTATION_COMMENTS = YES;
				CLANG_WARN_EMPTY_BODY = YES;
				CLANG_WARN_ENUM_CONVERSION = YES;
				CLANG_WARN_INFINITE_RECURSION = YES;
				CLANG_WARN_INT_CONVERSION = YES;
				CLANG_WARN_NON_LITERAL_NULL_CONVERSION = YES;
				CLANG_WARN_OBJC_IMPLICIT_RETAIN_SELF = YES;
				CLANG_WARN_OBJC_LITERAL_CONVERSION = YES;
				CLANG_WARN_OBJC_ROOT_CLASS = YES_ERROR;
				CLANG_WARN_QUOTED_INCLUDE_IN_FRAMEWORK_HEADER = YES;
				CLANG_WARN_RANGE_LOOP_ANALYSIS = YES;
				CLANG_WARN_STRICT_PROTOTYPES = YES;
				CLANG_WARN_SUSPICIOUS_MOVE = YES;
				CLANG_WARN_UNGUARDED_AVAILABILITY = YES_AGGRESSIVE;
				CLANG_WARN_UNREACHABLE_CODE = YES;
				CLANG_WARN__DUPLICATE_METHOD_MATCH = YES;
				COPY_PHASE_STRIP = NO;
				DEBUG_INFORMATION_FORMAT = dwarf;
				ENABLE_STRICT_OBJC_MSGSEND = YES;
				ENABLE_TESTABILITY = YES;
				GCC_C_LANGUAGE_STANDARD = gnu11;
				GCC_DYNAMIC_NO_PIC = NO;
				GCC_NO_COMMON_BLOCKS = YES;
				GCC_OPTIMIZATION_LEVEL = 0;
				GCC_PREPROCESSOR_DEFINITIONS = (
					"DEBUG=1",
					"$(inherited)",
				);
				GCC_WARN_64_TO_32_BIT_CONVERSION = YES;
				GCC_WARN_ABOUT_RETURN_TYPE = YES_ERROR;
				GCC_WARN_UNDECLARED_SELECTOR = YES;
				GCC_WARN_UNINITIALIZED_AUTOS = YES_AGGRESSIVE;
				GCC_WARN_UNUSED_FUNCTION = YES;
				GCC_WARN_UNUSED_VARIABLE = YES;
				IPHONEOS_DEPLOYMENT_TARGET = 15.5;
				MTL_ENABLE_DEBUG_INFO = INCLUDE_SOURCE;
				MTL_FAST_MATH = YES;
				ONLY_ACTIVE_ARCH = YES;
				SDKROOT = iphoneos;
				SWIFT_ACTIVE_COMPILATION_CONDITIONS = DEBUG;
				SWIFT_OPTIMIZATION_LEVEL = "-Onone";
			};
			name = Debug;
		};
		EEE4073428ABB3370085EB75 /* Release */ = {
			isa = XCBuildConfiguration;
			buildSettings = {
				ALWAYS_SEARCH_USER_PATHS = NO;
				CLANG_ANALYZER_NONNULL = YES;
				CLANG_ANALYZER_NUMBER_OBJECT_CONVERSION = YES_AGGRESSIVE;
				CLANG_CXX_LANGUAGE_STANDARD = "gnu++17";
				CLANG_ENABLE_MODULES = YES;
				CLANG_ENABLE_OBJC_ARC = YES;
				CLANG_ENABLE_OBJC_WEAK = YES;
				CLANG_WARN_BLOCK_CAPTURE_AUTORELEASING = YES;
				CLANG_WARN_BOOL_CONVERSION = YES;
				CLANG_WARN_COMMA = YES;
				CLANG_WARN_CONSTANT_CONVERSION = YES;
				CLANG_WARN_DEPRECATED_OBJC_IMPLEMENTATIONS = YES;
				CLANG_WARN_DIRECT_OBJC_ISA_USAGE = YES_ERROR;
				CLANG_WARN_DOCUMENTATION_COMMENTS = YES;
				CLANG_WARN_EMPTY_BODY = YES;
				CLANG_WARN_ENUM_CONVERSION = YES;
				CLANG_WARN_INFINITE_RECURSION = YES;
				CLANG_WARN_INT_CONVERSION = YES;
				CLANG_WARN_NON_LITERAL_NULL_CONVERSION = YES;
				CLANG_WARN_OBJC_IMPLICIT_RETAIN_SELF = YES;
				CLANG_WARN_OBJC_LITERAL_CONVERSION = YES;
				CLANG_WARN_OBJC_ROOT_CLASS = YES_ERROR;
				CLANG_WARN_QUOTED_INCLUDE_IN_FRAMEWORK_HEADER = YES;
				CLANG_WARN_RANGE_LOOP_ANALYSIS = YES;
				CLANG_WARN_STRICT_PROTOTYPES = YES;
				CLANG_WARN_SUSPICIOUS_MOVE = YES;
				CLANG_WARN_UNGUARDED_AVAILABILITY = YES_AGGRESSIVE;
				CLANG_WARN_UNREACHABLE_CODE = YES;
				CLANG_WARN__DUPLICATE_METHOD_MATCH = YES;
				COPY_PHASE_STRIP = NO;
				DEBUG_INFORMATION_FORMAT = "dwarf-with-dsym";
				ENABLE_NS_ASSERTIONS = NO;
				ENABLE_STRICT_OBJC_MSGSEND = YES;
				GCC_C_LANGUAGE_STANDARD = gnu11;
				GCC_NO_COMMON_BLOCKS = YES;
				GCC_WARN_64_TO_32_BIT_CONVERSION = YES;
				GCC_WARN_ABOUT_RETURN_TYPE = YES_ERROR;
				GCC_WARN_UNDECLARED_SELECTOR = YES;
				GCC_WARN_UNINITIALIZED_AUTOS = YES_AGGRESSIVE;
				GCC_WARN_UNUSED_FUNCTION = YES;
				GCC_WARN_UNUSED_VARIABLE = YES;
				IPHONEOS_DEPLOYMENT_TARGET = 15.5;
				MTL_ENABLE_DEBUG_INFO = NO;
				MTL_FAST_MATH = YES;
				SDKROOT = iphoneos;
				SWIFT_COMPILATION_MODE = wholemodule;
				SWIFT_OPTIMIZATION_LEVEL = "-O";
				VALIDATE_PRODUCT = YES;
			};
			name = Release;
		};
		EEE4073628ABB3370085EB75 /* Debug */ = {
			isa = XCBuildConfiguration;
			buildSettings = {
				ASSETCATALOG_COMPILER_APPICON_NAME = AppIcon;
				ASSETCATALOG_COMPILER_GLOBAL_ACCENT_COLOR_NAME = AccentColor;
				CODE_SIGN_STYLE = Automatic;
				CURRENT_PROJECT_VERSION = 1;
				GENERATE_INFOPLIST_FILE = YES;
				INFOPLIST_FILE = CollectionViewDemo/Info.plist;
				INFOPLIST_KEY_UIApplicationSupportsIndirectInputEvents = YES;
				INFOPLIST_KEY_UILaunchStoryboardName = LaunchScreen;
				INFOPLIST_KEY_UIMainStoryboardFile = Main;
				INFOPLIST_KEY_UISupportedInterfaceOrientations_iPad = "UIInterfaceOrientationPortrait UIInterfaceOrientationPortraitUpsideDown UIInterfaceOrientationLandscapeLeft UIInterfaceOrientationLandscapeRight";
				INFOPLIST_KEY_UISupportedInterfaceOrientations_iPhone = "UIInterfaceOrientationPortrait UIInterfaceOrientationLandscapeLeft UIInterfaceOrientationLandscapeRight";
				LD_RUNPATH_SEARCH_PATHS = (
					"$(inherited)",
					"@executable_path/Frameworks",
				);
				MARKETING_VERSION = 1.0;
				PRODUCT_BUNDLE_IDENTIFIER = com.yusiang.CollectionViewDemo;
				PRODUCT_NAME = "$(TARGET_NAME)";
				SWIFT_EMIT_LOC_STRINGS = YES;
				SWIFT_VERSION = 5.0;
				TARGETED_DEVICE_FAMILY = "1,2";
			};
			name = Debug;
		};
		EEE4073728ABB3370085EB75 /* Release */ = {
			isa = XCBuildConfiguration;
			buildSettings = {
				ASSETCATALOG_COMPILER_APPICON_NAME = AppIcon;
				ASSETCATALOG_COMPILER_GLOBAL_ACCENT_COLOR_NAME = AccentColor;
				CODE_SIGN_STYLE = Automatic;
				CURRENT_PROJECT_VERSION = 1;
				GENERATE_INFOPLIST_FILE = YES;
				INFOPLIST_FILE = CollectionViewDemo/Info.plist;
				INFOPLIST_KEY_UIApplicationSupportsIndirectInputEvents = YES;
				INFOPLIST_KEY_UILaunchStoryboardName = LaunchScreen;
				INFOPLIST_KEY_UIMainStoryboardFile = Main;
				INFOPLIST_KEY_UISupportedInterfaceOrientations_iPad = "UIInterfaceOrientationPortrait UIInterfaceOrientationPortraitUpsideDown UIInterfaceOrientationLandscapeLeft UIInterfaceOrientationLandscapeRight";
				INFOPLIST_KEY_UISupportedInterfaceOrientations_iPhone = "UIInterfaceOrientationPortrait UIInterfaceOrientationLandscapeLeft UIInterfaceOrientationLandscapeRight";
				LD_RUNPATH_SEARCH_PATHS = (
					"$(inherited)",
					"@executable_path/Frameworks",
				);
				MARKETING_VERSION = 1.0;
				PRODUCT_BUNDLE_IDENTIFIER = com.yusiang.CollectionViewDemo;
				PRODUCT_NAME = "$(TARGET_NAME)";
				SWIFT_EMIT_LOC_STRINGS = YES;
				SWIFT_VERSION = 5.0;
				TARGETED_DEVICE_FAMILY = "1,2";
			};
			name = Release;
		};
/* End XCBuildConfiguration section */

/* Begin XCConfigurationList section */
		EEE4071C28ABB3350085EB75 /* Build configuration list for PBXProject "CollectionViewDemo" */ = {
			isa = XCConfigurationList;
			buildConfigurations = (
				EEE4073328ABB3370085EB75 /* Debug */,
				EEE4073428ABB3370085EB75 /* Release */,
			);
			defaultConfigurationIsVisible = 0;
			defaultConfigurationName = Release;
		};
		EEE4073528ABB3370085EB75 /* Build configuration list for PBXNativeTarget "CollectionViewDemo" */ = {
			isa = XCConfigurationList;
			buildConfigurations = (
				EEE4073628ABB3370085EB75 /* Debug */,
				EEE4073728ABB3370085EB75 /* Release */,
			);
			defaultConfigurationIsVisible = 0;
			defaultConfigurationName = Release;
		};
/* End XCConfigurationList section */
	};
	rootObject = EEE4071928ABB3350085EB75 /* Project object */;
}
